// !$*UTF8*$!
{
	archiveVersion = 1;
	classes = {
	};
	objectVersion = 46;
	objects = {

/* Begin PBXBuildFile section */
		2D6DFE541EA5B86C00866F0A /* UIImage+image.m in Sources */ = {isa = PBXBuildFile; fileRef = 2D6DFE531EA5B86C00866F0A /* UIImage+image.m */; };
		2D6DFE611EA5B94F00866F0A /* AppDelegate.m in Sources */ = {isa = PBXBuildFile; fileRef = 2D6DFE591EA5B94F00866F0A /* AppDelegate.m */; };
		2D6DFE621EA5B94F00866F0A /* Assets.xcassets in Resources */ = {isa = PBXBuildFile; fileRef = 2D6DFE5A1EA5B94F00866F0A /* Assets.xcassets */; };
		2D6DFE631EA5B94F00866F0A /* LaunchScreen.storyboard in Resources */ = {isa = PBXBuildFile; fileRef = 2D6DFE5B1EA5B94F00866F0A /* LaunchScreen.storyboard */; };
		2D6DFE681EA5B9B300866F0A /* MyVc2.m in Sources */ = {isa = PBXBuildFile; fileRef = 2D6DFE671EA5B9B300866F0A /* MyVc2.m */; };
		2D6DFE6B1EA5B9BF00866F0A /* MyVc.m in Sources */ = {isa = PBXBuildFile; fileRef = 2D6DFE6A1EA5B9BF00866F0A /* MyVc.m */; };
		2D6DFE6F1EA5C6E200866F0A /* MyVc3.m in Sources */ = {isa = PBXBuildFile; fileRef = 2D6DFE6E1EA5C6E200866F0A /* MyVc3.m */; };
		2D6DFE721EA5E07000866F0A /* Person.m in Sources */ = {isa = PBXBuildFile; fileRef = 2D6DFE711EA5E07000866F0A /* Person.m */; };
		2D6DFE751EA5F58400866F0A /* Human.m in Sources */ = {isa = PBXBuildFile; fileRef = 2D6DFE741EA5F58400866F0A /* Human.m */; };
		2D6DFE791EA60EDE00866F0A /* MyVc4.m in Sources */ = {isa = PBXBuildFile; fileRef = 2D6DFE781EA60EDE00866F0A /* MyVc4.m */; };
		2D6DFE7C1EA60F0A00866F0A /* NSObject+Property.m in Sources */ = {isa = PBXBuildFile; fileRef = 2D6DFE7B1EA60F0A00866F0A /* NSObject+Property.m */; };
		2D6DFE801EA6295B00866F0A /* MyVc5.m in Sources */ = {isa = PBXBuildFile; fileRef = 2D6DFE7F1EA6295B00866F0A /* MyVc5.m */; };
		2D813D521EA87E2D0095450D /* MyEntity.m in Sources */ = {isa = PBXBuildFile; fileRef = 2D813D511EA87E2D0095450D /* MyEntity.m */; };
		2D813D551EA87F560095450D /* NSDictionary+Property.m in Sources */ = {isa = PBXBuildFile; fileRef = 2D813D541EA87F560095450D /* NSDictionary+Property.m */; };
		2D813D571EA8881C0095450D /* status.plist in Resources */ = {isa = PBXBuildFile; fileRef = 2D813D561EA8881C0095450D /* status.plist */; };
		2D813D5A1EA88FC50095450D /* NSObject+Model.m in Sources */ = {isa = PBXBuildFile; fileRef = 2D813D591EA88FC40095450D /* NSObject+Model.m */; };
		2D813D5D1EA8B0E50095450D /* UserEntity.m in Sources */ = {isa = PBXBuildFile; fileRef = 2D813D5C1EA8B0E50095450D /* UserEntity.m */; };
		2DF11B1C1EA49A5B0091F025 /* main.m in Sources */ = {isa = PBXBuildFile; fileRef = 2DF11B1B1EA49A5B0091F025 /* main.m */; };
/* End PBXBuildFile section */

/* Begin PBXFileReference section */
		2D6DFE521EA5B86C00866F0A /* UIImage+image.h */ = {isa = PBXFileReference; fileEncoding = 4; lastKnownFileType = sourcecode.c.h; name = "UIImage+image.h"; path = "../UIImage+image.h"; sourceTree = "<group>"; };
		2D6DFE531EA5B86C00866F0A /* UIImage+image.m */ = {isa = PBXFileReference; fileEncoding = 4; lastKnownFileType = sourcecode.c.objc; name = "UIImage+image.m"; path = "../UIImage+image.m"; sourceTree = "<group>"; };
		2D6DFE581EA5B94F00866F0A /* AppDelegate.h */ = {isa = PBXFileReference; fileEncoding = 4; lastKnownFileType = sourcecode.c.h; path = AppDelegate.h; sourceTree = "<group>"; };
		2D6DFE591EA5B94F00866F0A /* AppDelegate.m */ = {isa = PBXFileReference; fileEncoding = 4; lastKnownFileType = sourcecode.c.objc; path = AppDelegate.m; sourceTree = "<group>"; };
		2D6DFE5A1EA5B94F00866F0A /* Assets.xcassets */ = {isa = PBXFileReference; lastKnownFileType = folder.assetcatalog; path = Assets.xcassets; sourceTree = "<group>"; };
		2D6DFE5C1EA5B94F00866F0A /* Base */ = {isa = PBXFileReference; lastKnownFileType = file.storyboard; name = Base; path = Base.lproj/LaunchScreen.storyboard; sourceTree = "<group>"; };
		2D6DFE661EA5B9B300866F0A /* MyVc2.h */ = {isa = PBXFileReference; fileEncoding = 4; lastKnownFileType = sourcecode.c.h; path = MyVc2.h; sourceTree = "<group>"; };
		2D6DFE671EA5B9B300866F0A /* MyVc2.m */ = {isa = PBXFileReference; fileEncoding = 4; lastKnownFileType = sourcecode.c.objc; path = MyVc2.m; sourceTree = "<group>"; };
		2D6DFE691EA5B9BF00866F0A /* MyVc.h */ = {isa = PBXFileReference; fileEncoding = 4; lastKnownFileType = sourcecode.c.h; path = MyVc.h; sourceTree = "<group>"; };
		2D6DFE6A1EA5B9BF00866F0A /* MyVc.m */ = {isa = PBXFileReference; fileEncoding = 4; lastKnownFileType = sourcecode.c.objc; path = MyVc.m; sourceTree = "<group>"; };
		2D6DFE6D1EA5C6E200866F0A /* MyVc3.h */ = {isa = PBXFileReference; fileEncoding = 4; lastKnownFileType = sourcecode.c.h; path = MyVc3.h; sourceTree = "<group>"; };
		2D6DFE6E1EA5C6E200866F0A /* MyVc3.m */ = {isa = PBXFileReference; fileEncoding = 4; lastKnownFileType = sourcecode.c.objc; path = MyVc3.m; sourceTree = "<group>"; };
		2D6DFE701EA5E07000866F0A /* Person.h */ = {isa = PBXFileReference; fileEncoding = 4; lastKnownFileType = sourcecode.c.h; path = Person.h; sourceTree = "<group>"; };
		2D6DFE711EA5E07000866F0A /* Person.m */ = {isa = PBXFileReference; fileEncoding = 4; lastKnownFileType = sourcecode.c.objc; path = Person.m; sourceTree = "<group>"; };
		2D6DFE731EA5F58400866F0A /* Human.h */ = {isa = PBXFileReference; fileEncoding = 4; lastKnownFileType = sourcecode.c.h; path = Human.h; sourceTree = "<group>"; };
		2D6DFE741EA5F58400866F0A /* Human.m */ = {isa = PBXFileReference; fileEncoding = 4; lastKnownFileType = sourcecode.c.objc; path = Human.m; sourceTree = "<group>"; };
		2D6DFE771EA60EDE00866F0A /* MyVc4.h */ = {isa = PBXFileReference; fileEncoding = 4; lastKnownFileType = sourcecode.c.h; path = MyVc4.h; sourceTree = "<group>"; };
		2D6DFE781EA60EDE00866F0A /* MyVc4.m */ = {isa = PBXFileReference; fileEncoding = 4; lastKnownFileType = sourcecode.c.objc; path = MyVc4.m; sourceTree = "<group>"; };
		2D6DFE7A1EA60F0A00866F0A /* NSObject+Property.h */ = {isa = PBXFileReference; fileEncoding = 4; lastKnownFileType = sourcecode.c.h; path = "NSObject+Property.h"; sourceTree = "<group>"; };
		2D6DFE7B1EA60F0A00866F0A /* NSObject+Property.m */ = {isa = PBXFileReference; fileEncoding = 4; lastKnownFileType = sourcecode.c.objc; path = "NSObject+Property.m"; sourceTree = "<group>"; };
		2D6DFE7E1EA6295B00866F0A /* MyVc5.h */ = {isa = PBXFileReference; fileEncoding = 4; lastKnownFileType = sourcecode.c.h; path = MyVc5.h; sourceTree = "<group>"; };
		2D6DFE7F1EA6295B00866F0A /* MyVc5.m */ = {isa = PBXFileReference; fileEncoding = 4; lastKnownFileType = sourcecode.c.objc; path = MyVc5.m; sourceTree = "<group>"; };
		2D813D501EA87E2D0095450D /* MyEntity.h */ = {isa = PBXFileReference; fileEncoding = 4; lastKnownFileType = sourcecode.c.h; path = MyEntity.h; sourceTree = "<group>"; };
		2D813D511EA87E2D0095450D /* MyEntity.m */ = {isa = PBXFileReference; fileEncoding = 4; lastKnownFileType = sourcecode.c.objc; path = MyEntity.m; sourceTree = "<group>"; };
		2D813D531EA87F560095450D /* NSDictionary+Property.h */ = {isa = PBXFileReference; fileEncoding = 4; lastKnownFileType = sourcecode.c.h; path = "NSDictionary+Property.h"; sourceTree = "<group>"; };
		2D813D541EA87F560095450D /* NSDictionary+Property.m */ = {isa = PBXFileReference; fileEncoding = 4; lastKnownFileType = sourcecode.c.objc; path = "NSDictionary+Property.m"; sourceTree = "<group>"; };
		2D813D561EA8881C0095450D /* status.plist */ = {isa = PBXFileReference; fileEncoding = 4; lastKnownFileType = text.plist.xml; path = status.plist; sourceTree = "<group>"; };
		2D813D581EA88FC40095450D /* NSObject+Model.h */ = {isa = PBXFileReference; fileEncoding = 4; lastKnownFileType = sourcecode.c.h; path = "NSObject+Model.h"; sourceTree = "<group>"; };
		2D813D591EA88FC40095450D /* NSObject+Model.m */ = {isa = PBXFileReference; fileEncoding = 4; lastKnownFileType = sourcecode.c.objc; path = "NSObject+Model.m"; sourceTree = "<group>"; };
		2D813D5B1EA8B0E50095450D /* UserEntity.h */ = {isa = PBXFileReference; fileEncoding = 4; lastKnownFileType = sourcecode.c.h; path = UserEntity.h; sourceTree = "<group>"; };
		2D813D5C1EA8B0E50095450D /* UserEntity.m */ = {isa = PBXFileReference; fileEncoding = 4; lastKnownFileType = sourcecode.c.objc; path = UserEntity.m; sourceTree = "<group>"; };
		2DF11B171EA49A5B0091F025 /* YacRuntime.app */ = {isa = PBXFileReference; explicitFileType = wrapper.application; includeInIndex = 0; path = YacRuntime.app; sourceTree = BUILT_PRODUCTS_DIR; };
		2DF11B1B1EA49A5B0091F025 /* main.m */ = {isa = PBXFileReference; lastKnownFileType = sourcecode.c.objc; path = main.m; sourceTree = "<group>"; };
		2DF11B2B1EA49A5B0091F025 /* Info.plist */ = {isa = PBXFileReference; lastKnownFileType = text.plist.xml; path = Info.plist; sourceTree = "<group>"; };
/* End PBXFileReference section */

/* Begin PBXFrameworksBuildPhase section */
		2DF11B141EA49A5B0091F025 /* Frameworks */ = {
			isa = PBXFrameworksBuildPhase;
			buildActionMask = 2147483647;
			files = (
			);
			runOnlyForDeploymentPostprocessing = 0;
		};
/* End PBXFrameworksBuildPhase section */

/* Begin PBXGroup section */
		2D6DFE551EA5B94F00866F0A /* 发送消息Demo */ = {
			isa = PBXGroup;
			children = (
				2D6DFE691EA5B9BF00866F0A /* MyVc.h */,
				2D6DFE6A1EA5B9BF00866F0A /* MyVc.m */,
				2D6DFE731EA5F58400866F0A /* Human.h */,
				2D6DFE741EA5F58400866F0A /* Human.m */,
			);
			path = "发送消息Demo";
			sourceTree = "<group>";
		};
		2D6DFE561EA5B94F00866F0A /* 交换方法Demo */ = {
			isa = PBXGroup;
			children = (
				2D6DFE661EA5B9B300866F0A /* MyVc2.h */,
				2D6DFE671EA5B9B300866F0A /* MyVc2.m */,
				2D6DFE521EA5B86C00866F0A /* UIImage+image.h */,
				2D6DFE531EA5B86C00866F0A /* UIImage+image.m */,
			);
			path = "交换方法Demo";
			sourceTree = "<group>";
		};
		2D6DFE571EA5B94F00866F0A /* AppEntry */ = {
			isa = PBXGroup;
			children = (
				2D6DFE581EA5B94F00866F0A /* AppDelegate.h */,
				2D6DFE591EA5B94F00866F0A /* AppDelegate.m */,
				2D6DFE5A1EA5B94F00866F0A /* Assets.xcassets */,
				2D6DFE5B1EA5B94F00866F0A /* LaunchScreen.storyboard */,
			);
			path = AppEntry;
			sourceTree = "<group>";
		};
		2D6DFE6C1EA5C6D700866F0A /* 动态添加方法Demo */ = {
			isa = PBXGroup;
			children = (
				2D6DFE6D1EA5C6E200866F0A /* MyVc3.h */,
				2D6DFE6E1EA5C6E200866F0A /* MyVc3.m */,
				2D6DFE701EA5E07000866F0A /* Person.h */,
				2D6DFE711EA5E07000866F0A /* Person.m */,
			);
			path = "动态添加方法Demo";
			sourceTree = "<group>";
		};
		2D6DFE761EA60EC800866F0A /* 动态添加属性Demo */ = {
			isa = PBXGroup;
			children = (
				2D6DFE771EA60EDE00866F0A /* MyVc4.h */,
				2D6DFE781EA60EDE00866F0A /* MyVc4.m */,
				2D6DFE7A1EA60F0A00866F0A /* NSObject+Property.h */,
				2D6DFE7B1EA60F0A00866F0A /* NSObject+Property.m */,
			);
			path = "动态添加属性Demo";
			sourceTree = "<group>";
		};
		2D6DFE7D1EA61D8400866F0A /* 自动生成属性Demo */ = {
			isa = PBXGroup;
			children = (
				2D6DFE7E1EA6295B00866F0A /* MyVc5.h */,
				2D6DFE7F1EA6295B00866F0A /* MyVc5.m */,
				2D813D501EA87E2D0095450D /* MyEntity.h */,
				2D813D511EA87E2D0095450D /* MyEntity.m */,
				2D813D5B1EA8B0E50095450D /* UserEntity.h */,
				2D813D5C1EA8B0E50095450D /* UserEntity.m */,
				2D813D531EA87F560095450D /* NSDictionary+Property.h */,
				2D813D541EA87F560095450D /* NSDictionary+Property.m */,
				2D813D581EA88FC40095450D /* NSObject+Model.h */,
				2D813D591EA88FC40095450D /* NSObject+Model.m */,
			);
			path = "自动生成属性Demo";
			sourceTree = "<group>";
		};
		2DF11B0E1EA49A5B0091F025 = {
			isa = PBXGroup;
			children = (
				2DF11B191EA49A5B0091F025 /* YacRuntime */,
				2DF11B181EA49A5B0091F025 /* Products */,
			);
			sourceTree = "<group>";
		};
		2DF11B181EA49A5B0091F025 /* Products */ = {
			isa = PBXGroup;
			children = (
				2DF11B171EA49A5B0091F025 /* YacRuntime.app */,
			);
			name = Products;
			sourceTree = "<group>";
		};
		2DF11B191EA49A5B0091F025 /* YacRuntime */ = {
			isa = PBXGroup;
			children = (
				2D6DFE571EA5B94F00866F0A /* AppEntry */,
				2D6DFE551EA5B94F00866F0A /* 发送消息Demo */,
				2D6DFE561EA5B94F00866F0A /* 交换方法Demo */,
				2D6DFE6C1EA5C6D700866F0A /* 动态添加方法Demo */,
				2D6DFE761EA60EC800866F0A /* 动态添加属性Demo */,
				2D6DFE7D1EA61D8400866F0A /* 自动生成属性Demo */,
				2DF11B1A1EA49A5B0091F025 /* Supporting Files */,
			);
			path = YacRuntime;
			sourceTree = "<group>";
		};
		2DF11B1A1EA49A5B0091F025 /* Supporting Files */ = {
			isa = PBXGroup;
			children = (
				2D813D561EA8881C0095450D /* status.plist */,
				2DF11B2B1EA49A5B0091F025 /* Info.plist */,
				2DF11B1B1EA49A5B0091F025 /* main.m */,
			);
			name = "Supporting Files";
			sourceTree = "<group>";
		};
/* End PBXGroup section */

/* Begin PBXNativeTarget section */
		2DF11B161EA49A5B0091F025 /* YacRuntime */ = {
			isa = PBXNativeTarget;
			buildConfigurationList = 2DF11B2E1EA49A5B0091F025 /* Build configuration list for PBXNativeTarget "YacRuntime" */;
			buildPhases = (
				2DF11B131EA49A5B0091F025 /* Sources */,
				2DF11B141EA49A5B0091F025 /* Frameworks */,
				2DF11B151EA49A5B0091F025 /* Resources */,
			);
			buildRules = (
			);
			dependencies = (
			);
			name = YacRuntime;
			productName = YacRuntime;
			productReference = 2DF11B171EA49A5B0091F025 /* YacRuntime.app */;
			productType = "com.apple.product-type.application";
		};
/* End PBXNativeTarget section */

/* Begin PBXProject section */
		2DF11B0F1EA49A5B0091F025 /* Project object */ = {
			isa = PBXProject;
			attributes = {
				LastUpgradeCheck = 0830;
				ORGANIZATIONNAME = chit;
				TargetAttributes = {
					2DF11B161EA49A5B0091F025 = {
						CreatedOnToolsVersion = 8.3;
						DevelopmentTeam = JCQL5V7V87;
						ProvisioningStyle = Automatic;
					};
				};
			};
			buildConfigurationList = 2DF11B121EA49A5B0091F025 /* Build configuration list for PBXProject "YacRuntime" */;
			compatibilityVersion = "Xcode 3.2";
			developmentRegion = English;
			hasScannedForEncodings = 0;
			knownRegions = (
				en,
				Base,
			);
			mainGroup = 2DF11B0E1EA49A5B0091F025;
			productRefGroup = 2DF11B181EA49A5B0091F025 /* Products */;
			projectDirPath = "";
			projectRoot = "";
			targets = (
				2DF11B161EA49A5B0091F025 /* YacRuntime */,
			);
		};
/* End PBXProject section */

/* Begin PBXResourcesBuildPhase section */
		2DF11B151EA49A5B0091F025 /* Resources */ = {
			isa = PBXResourcesBuildPhase;
			buildActionMask = 2147483647;
			files = (
				2D6DFE621EA5B94F00866F0A /* Assets.xcassets in Resources */,
				2D813D571EA8881C0095450D /* status.plist in Resources */,
				2D6DFE631EA5B94F00866F0A /* LaunchScreen.storyboard in Resources */,
			);
			runOnlyForDeploymentPostprocessing = 0;
		};
/* End PBXResourcesBuildPhase section */

/* Begin PBXSourcesBuildPhase section */
		2DF11B131EA49A5B0091F025 /* Sources */ = {
			isa = PBXSourcesBuildPhase;
			buildActionMask = 2147483647;
			files = (
				2D6DFE6F1EA5C6E200866F0A /* MyVc3.m in Sources */,
				2D6DFE6B1EA5B9BF00866F0A /* MyVc.m in Sources */,
				2D6DFE721EA5E07000866F0A /* Person.m in Sources */,
				2D6DFE791EA60EDE00866F0A /* MyVc4.m in Sources */,
				2D6DFE751EA5F58400866F0A /* Human.m in Sources */,
				2D6DFE541EA5B86C00866F0A /* UIImage+image.m in Sources */,
				2DF11B1C1EA49A5B0091F025 /* main.m in Sources */,
				2D813D551EA87F560095450D /* NSDictionary+Property.m in Sources */,
				2D6DFE801EA6295B00866F0A /* MyVc5.m in Sources */,
				2D813D5A1EA88FC50095450D /* NSObject+Model.m in Sources */,
				2D813D521EA87E2D0095450D /* MyEntity.m in Sources */,
				2D6DFE611EA5B94F00866F0A /* AppDelegate.m in Sources */,
				2D813D5D1EA8B0E50095450D /* UserEntity.m in Sources */,
				2D6DFE7C1EA60F0A00866F0A /* NSObject+Property.m in Sources */,
				2D6DFE681EA5B9B300866F0A /* MyVc2.m in Sources */,
			);
			runOnlyForDeploymentPostprocessing = 0;
		};
/* End PBXSourcesBuildPhase section */

/* Begin PBXVariantGroup section */
		2D6DFE5B1EA5B94F00866F0A /* LaunchScreen.storyboard */ = {
			isa = PBXVariantGroup;
			children = (
				2D6DFE5C1EA5B94F00866F0A /* Base */,
			);
			name = LaunchScreen.storyboard;
			sourceTree = "<group>";
		};
/* End PBXVariantGroup section */

/* Begin XCBuildConfiguration section */
		2DF11B2C1EA49A5B0091F025 /* Debug */ = {
			isa = XCBuildConfiguration;
			buildSettings = {
				ALWAYS_SEARCH_USER_PATHS = NO;
				CLANG_ANALYZER_NONNULL = YES;
				CLANG_ANALYZER_NUMBER_OBJECT_CONVERSION = YES_AGGRESSIVE;
				CLANG_CXX_LANGUAGE_STANDARD = "gnu++0x";
				CLANG_CXX_LIBRARY = "libc++";
				CLANG_ENABLE_MODULES = YES;
				CLANG_ENABLE_OBJC_ARC = YES;
				CLANG_WARN_BOOL_CONVERSION = YES;
				CLANG_WARN_CONSTANT_CONVERSION = YES;
				CLANG_WARN_DIRECT_OBJC_ISA_USAGE = YES_ERROR;
				CLANG_WARN_DOCUMENTATION_COMMENTS = YES;
				CLANG_WARN_EMPTY_BODY = YES;
				CLANG_WARN_ENUM_CONVERSION = YES;
				CLANG_WARN_INFINITE_RECURSION = YES;
				CLANG_WARN_INT_CONVERSION = YES;
				CLANG_WARN_OBJC_ROOT_CLASS = YES_ERROR;
				CLANG_WARN_SUSPICIOUS_MOVE = YES;
				CLANG_WARN_UNREACHABLE_CODE = YES;
				CLANG_WARN__DUPLICATE_METHOD_MATCH = YES;
				"CODE_SIGN_IDENTITY[sdk=iphoneos*]" = "iPhone Developer";
				COPY_PHASE_STRIP = NO;
				DEBUG_INFORMATION_FORMAT = dwarf;
				ENABLE_STRICT_OBJC_MSGSEND = YES;
				ENABLE_TESTABILITY = YES;
				GCC_C_LANGUAGE_STANDARD = gnu99;
				GCC_DYNAMIC_NO_PIC = NO;
				GCC_NO_COMMON_BLOCKS = YES;
				GCC_OPTIMIZATION_LEVEL = 0;
				GCC_PREPROCESSOR_DEFINITIONS = (
					"DEBUG=1",
					"$(inherited)",
				);
				GCC_WARN_64_TO_32_BIT_CONVERSION = YES;
				GCC_WARN_ABOUT_RETURN_TYPE = YES_ERROR;
				GCC_WARN_UNDECLARED_SELECTOR = YES;
				GCC_WARN_UNINITIALIZED_AUTOS = YES_AGGRESSIVE;
				GCC_WARN_UNUSED_FUNCTION = YES;
				GCC_WARN_UNUSED_VARIABLE = YES;
				IPHONEOS_DEPLOYMENT_TARGET = 10.3;
				MTL_ENABLE_DEBUG_INFO = YES;
				ONLY_ACTIVE_ARCH = YES;
				SDKROOT = iphoneos;
			};
			name = Debug;
		};
		2DF11B2D1EA49A5B0091F025 /* Release */ = {
			isa = XCBuildConfiguration;
			buildSettings = {
				ALWAYS_SEARCH_USER_PATHS = NO;
				CLANG_ANALYZER_NONNULL = YES;
				CLANG_ANALYZER_NUMBER_OBJECT_CONVERSION = YES_AGGRESSIVE;
				CLANG_CXX_LANGUAGE_STANDARD = "gnu++0x";
				CLANG_CXX_LIBRARY = "libc++";
				CLANG_ENABLE_MODULES = YES;
				CLANG_ENABLE_OBJC_ARC = YES;
				CLANG_WARN_BOOL_CONVERSION = YES;
				CLANG_WARN_CONSTANT_CONVERSION = YES;
				CLANG_WARN_DIRECT_OBJC_ISA_USAGE = YES_ERROR;
				CLANG_WARN_DOCUMENTATION_COMMENTS = YES;
				CLANG_WARN_EMPTY_BODY = YES;
				CLANG_WARN_ENUM_CONVERSION = YES;
				CLANG_WARN_INFINITE_RECURSION = YES;
				CLANG_WARN_INT_CONVERSION = YES;
				CLANG_WARN_OBJC_ROOT_CLASS = YES_ERROR;
				CLANG_WARN_SUSPICIOUS_MOVE = YES;
				CLANG_WARN_UNREACHABLE_CODE = YES;
				CLANG_WARN__DUPLICATE_METHOD_MATCH = YES;
				"CODE_SIGN_IDENTITY[sdk=iphoneos*]" = "iPhone Developer";
				COPY_PHASE_STRIP = NO;
				DEBUG_INFORMATION_FORMAT = "dwarf-with-dsym";
				ENABLE_NS_ASSERTIONS = NO;
				ENABLE_STRICT_OBJC_MSGSEND = YES;
				GCC_C_LANGUAGE_STANDARD = gnu99;
				GCC_NO_COMMON_BLOCKS = YES;
				GCC_WARN_64_TO_32_BIT_CONVERSION = YES;
				GCC_WARN_ABOUT_RETURN_TYPE = YES_ERROR;
				GCC_WARN_UNDECLARED_SELECTOR = YES;
				GCC_WARN_UNINITIALIZED_AUTOS = YES_AGGRESSIVE;
				GCC_WARN_UNUSED_FUNCTION = YES;
				GCC_WARN_UNUSED_VARIABLE = YES;
				IPHONEOS_DEPLOYMENT_TARGET = 10.3;
				MTL_ENABLE_DEBUG_INFO = NO;
				SDKROOT = iphoneos;
				VALIDATE_PRODUCT = YES;
			};
			name = Release;
		};
		2DF11B2F1EA49A5B0091F025 /* Debug */ = {
			isa = XCBuildConfiguration;
			buildSettings = {
				ASSETCATALOG_COMPILER_APPICON_NAME = AppIcon;
				DEVELOPMENT_TEAM = JCQL5V7V87;
				ENABLE_STRICT_OBJC_MSGSEND = NO;
				INFOPLIST_FILE = YacRuntime/Info.plist;
				LD_RUNPATH_SEARCH_PATHS = "$(inherited) @executable_path/Frameworks";
				PRODUCT_BUNDLE_IDENTIFIER = com.yacheer.YacRuntime;
				PRODUCT_NAME = "$(TARGET_NAME)";
			};
			name = Debug;
		};
		2DF11B301EA49A5B0091F025 /* Release */ = {
			isa = XCBuildConfiguration;
			buildSettings = {
				ASSETCATALOG_COMPILER_APPICON_NAME = AppIcon;
				DEVELOPMENT_TEAM = JCQL5V7V87;
				ENABLE_STRICT_OBJC_MSGSEND = NO;
				INFOPLIST_FILE = YacRuntime/Info.plist;
				LD_RUNPATH_SEARCH_PATHS = "$(inherited) @executable_path/Frameworks";
				PRODUCT_BUNDLE_IDENTIFIER = com.yacheer.YacRuntime;
				PRODUCT_NAME = "$(TARGET_NAME)";
			};
			name = Release;
		};
/* End XCBuildConfiguration section */

/* Begin XCConfigurationList section */
		2DF11B121EA49A5B0091F025 /* Build configuration list for PBXProject "YacRuntime" */ = {
			isa = XCConfigurationList;
			buildConfigurations = (
				2DF11B2C1EA49A5B0091F025 /* Debug */,
				2DF11B2D1EA49A5B0091F025 /* Release */,
			);
			defaultConfigurationIsVisible = 0;
			defaultConfigurationName = Release;
		};
		2DF11B2E1EA49A5B0091F025 /* Build configuration list for PBXNativeTarget "YacRuntime" */ = {
			isa = XCConfigurationList;
			buildConfigurations = (
				2DF11B2F1EA49A5B0091F025 /* Debug */,
				2DF11B301EA49A5B0091F025 /* Release */,
			);
			defaultConfigurationIsVisible = 0;
			defaultConfigurationName = Release;
		};
/* End XCConfigurationList section */
	};
	rootObject = 2DF11B0F1EA49A5B0091F025 /* Project object */;
}
